
Microsoft Visual Studio Solution File, Format Version 12.00
# Visual Studio Version 17
VisualStudioVersion = 17.11.35327.3
MinimumVisualStudioVersion = 10.0.40219.1
Project("{FAE04EC0-301F-11D3-BF4B-00C04F79EFBC}") = "01_MainSubjects", "01_MainSubjects\01_MainSubjects.csproj", "{13B652D5-8430-4087-B5F4-1817F89514FA}"
EndProject
Project("{FAE04EC0-301F-11D3-BF4B-00C04F79EFBC}") = "02_Variables", "02_Variables\02_Variables.csproj", "{DF8EC6B0-20B9-4EE7-8827-6100C90B0542}"
EndProject
Project("{FAE04EC0-301F-11D3-BF4B-00C04F79EFBC}") = "03_MakingDecision", "03_MakingDecision\03_MakingDecision.csproj", "{7396E566-68F4-4EAF-B426-C4E6193F7856}"
EndProject
Project("{FAE04EC0-301F-11D3-BF4B-00C04F79EFBC}") = "04_Loops", "04_Loops\04_Loops.csproj", "{EB89E675-215C-4C87-AF97-FC84603E0688}"
EndProject
Project("{FAE04EC0-301F-11D3-BF4B-00C04F79EFBC}") = "05_LoopsWithStars", "05_LoopsWithStars\05_LoopsWithStars.csproj", "{D23CF43C-7441-4FC2-8901-61F26EB61905}"
EndProject
Project("{FAE04EC0-301F-11D3-BF4B-00C04F79EFBC}") = "06_Arrays", "06_Arrays\06_Arrays.csproj", "{0D30EC26-2500-416C-8490-276EEAC93D8D}"
EndProject
Project("{FAE04EC0-301F-11D3-BF4B-00C04F79EFBC}") = "07_Foreach_Iteration", "07_Foreach_Iteration\07_Foreach_Iteration.csproj", "{F5114E85-F09C-4836-A3A6-0FF13620C1D9}"
EndProject
Project("{FAE04EC0-301F-11D3-BF4B-00C04F79EFBC}") = "08_Methods", "08_Methods\08_Methods.csproj", "{8CBC41DB-C6D2-450D-B07B-5E2CFA1220B8}"
EndProject
Global
	GlobalSection(SolutionConfigurationPlatforms) = preSolution
		Debug|Any CPU = Debug|Any CPU
		Release|Any CPU = Release|Any CPU
	EndGlobalSection
	GlobalSection(ProjectConfigurationPlatforms) = postSolution
		{13B652D5-8430-4087-B5F4-1817F89514FA}.Debug|Any CPU.ActiveCfg = Debug|Any CPU
		{13B652D5-8430-4087-B5F4-1817F89514FA}.Debug|Any CPU.Build.0 = Debug|Any CPU
		{13B652D5-8430-4087-B5F4-1817F89514FA}.Release|Any CPU.ActiveCfg = Release|Any CPU
		{13B652D5-8430-4087-B5F4-1817F89514FA}.Release|Any CPU.Build.0 = Release|Any CPU
		{DF8EC6B0-20B9-4EE7-8827-6100C90B0542}.Debug|Any CPU.ActiveCfg = Debug|Any CPU
		{DF8EC6B0-20B9-4EE7-8827-6100C90B0542}.Debug|Any CPU.Build.0 = Debug|Any CPU
		{DF8EC6B0-20B9-4EE7-8827-6100C90B0542}.Release|Any CPU.ActiveCfg = Release|Any CPU
		{DF8EC6B0-20B9-4EE7-8827-6100C90B0542}.Release|Any CPU.Build.0 = Release|Any CPU
		{7396E566-68F4-4EAF-B426-C4E6193F7856}.Debug|Any CPU.ActiveCfg = Debug|Any CPU
		{7396E566-68F4-4EAF-B426-C4E6193F7856}.Debug|Any CPU.Build.0 = Debug|Any CPU
		{7396E566-68F4-4EAF-B426-C4E6193F7856}.Release|Any CPU.ActiveCfg = Release|Any CPU
		{7396E566-68F4-4EAF-B426-C4E6193F7856}.Release|Any CPU.Build.0 = Release|Any CPU
		{EB89E675-215C-4C87-AF97-FC84603E0688}.Debug|Any CPU.ActiveCfg = Debug|Any CPU
		{EB89E675-215C-4C87-AF97-FC84603E0688}.Debug|Any CPU.Build.0 = Debug|Any CPU
		{EB89E675-215C-4C87-AF97-FC84603E0688}.Release|Any CPU.ActiveCfg = Release|Any CPU
		{EB89E675-215C-4C87-AF97-FC84603E0688}.Release|Any CPU.Build.0 = Release|Any CPU
		{D23CF43C-7441-4FC2-8901-61F26EB61905}.Debug|Any CPU.ActiveCfg = Debug|Any CPU
		{D23CF43C-7441-4FC2-8901-61F26EB61905}.Debug|Any CPU.Build.0 = Debug|Any CPU
		{D23CF43C-7441-4FC2-8901-61F26EB61905}.Release|Any CPU.ActiveCfg = Release|Any CPU
		{D23CF43C-7441-4FC2-8901-61F26EB61905}.Release|Any CPU.Build.0 = Release|Any CPU
		{0D30EC26-2500-416C-8490-276EEAC93D8D}.Debug|Any CPU.ActiveCfg = Debug|Any CPU
		{0D30EC26-2500-416C-8490-276EEAC93D8D}.Debug|Any CPU.Build.0 = Debug|Any CPU
		{0D30EC26-2500-416C-8490-276EEAC93D8D}.Release|Any CPU.ActiveCfg = Release|Any CPU
		{0D30EC26-2500-416C-8490-276EEAC93D8D}.Release|Any CPU.Build.0 = Release|Any CPU
		{F5114E85-F09C-4836-A3A6-0FF13620C1D9}.Debug|Any CPU.ActiveCfg = Debug|Any CPU
		{F5114E85-F09C-4836-A3A6-0FF13620C1D9}.Debug|Any CPU.Build.0 = Debug|Any CPU
		{F5114E85-F09C-4836-A3A6-0FF13620C1D9}.Release|Any CPU.ActiveCfg = Release|Any CPU
		{F5114E85-F09C-4836-A3A6-0FF13620C1D9}.Release|Any CPU.Build.0 = Release|Any CPU
		{8CBC41DB-C6D2-450D-B07B-5E2CFA1220B8}.Debug|Any CPU.ActiveCfg = Debug|Any CPU
		{8CBC41DB-C6D2-450D-B07B-5E2CFA1220B8}.Debug|Any CPU.Build.0 = Debug|Any CPU
		{8CBC41DB-C6D2-450D-B07B-5E2CFA1220B8}.Release|Any CPU.ActiveCfg = Release|Any CPU
		{8CBC41DB-C6D2-450D-B07B-5E2CFA1220B8}.Release|Any CPU.Build.0 = Release|Any CPU
	EndGlobalSection
	GlobalSection(SolutionProperties) = preSolution
		HideSolutionNode = FALSE
	EndGlobalSection
	GlobalSection(ExtensibilityGlobals) = postSolution
		SolutionGuid = {228A777B-D0CB-4F1F-A18E-102DEE59C399}
	EndGlobalSection
EndGlobal
